
Microsoft Visual Studio Solution File, Format Version 12.00
# Visual Studio Version 17
VisualStudioVersion = 17.8.34322.80
MinimumVisualStudioVersion = 10.0.40219.1
Project("{FAE04EC0-301F-11D3-BF4B-00C04F79EFBC}") = "AdvanceCalculator", "AdvanceCalculator\AdvanceCalculator.csproj", "{69E4DB9C-4ABA-494E-A183-3911BAAFD398}"
EndProject
Global
	GlobalSection(SolutionConfigurationPlatforms) = preSolution
		Debug|Any CPU = Debug|Any CPU
		Release|Any CPU = Release|Any CPU
	EndGlobalSection
	GlobalSection(ProjectConfigurationPlatforms) = postSolution
		{69E4DB9C-4ABA-494E-A183-3911BAAFD398}.Debug|Any CPU.ActiveCfg = Debug|Any CPU
		{69E4DB9C-4ABA-494E-A183-3911BAAFD398}.Debug|Any CPU.Build.0 = Debug|Any CPU
		{69E4DB9C-4ABA-494E-A183-3911BAAFD398}.Release|Any CPU.ActiveCfg = Release|Any CPU
		{69E4DB9C-4ABA-494E-A183-3911BAAFD398}.Release|Any CPU.Build.0 = Release|Any CPU
	EndGlobalSection
	GlobalSection(SolutionProperties) = preSolution
		HideSolutionNode = FALSE
	EndGlobalSection
	GlobalSection(ExtensibilityGlobals) = postSolution
		SolutionGuid = {38B676EA-4EEA-44B6-A806-63D7884620F7}
	EndGlobalSection
EndGlobal
